
Microsoft Visual Studio Solution File, Format Version 12.00
# Visual Studio Version 17
VisualStudioVersion = 17.10.34916.146
MinimumVisualStudioVersion = 10.0.40219.1
Project("{FAE04EC0-301F-11D3-BF4B-00C04F79EFBC}") = "WizardLibrary", "WizardLibrary.csproj", "{A76C29D2-4ADE-4E18-A3DA-3381CC5D2301}"
EndProject
Global
	GlobalSection(SolutionConfigurationPlatforms) = preSolution
		Debug|Any CPU = Debug|Any CPU
		Release|Any CPU = Release|Any CPU
	EndGlobalSection
	GlobalSection(ProjectConfigurationPlatforms) = postSolution
		{A76C29D2-4ADE-4E18-A3DA-3381CC5D2301}.Debug|Any CPU.ActiveCfg = Debug|Any CPU
		{A76C29D2-4ADE-4E18-A3DA-3381CC5D2301}.Debug|Any CPU.Build.0 = Debug|Any CPU
		{A76C29D2-4ADE-4E18-A3DA-3381CC5D2301}.Release|Any CPU.ActiveCfg = Release|Any CPU
		{A76C29D2-4ADE-4E18-A3DA-3381CC5D2301}.Release|Any CPU.Build.0 = Release|Any CPU
	EndGlobalSection
	GlobalSection(SolutionProperties) = preSolution
		HideSolutionNode = FALSE
	EndGlobalSection
	GlobalSection(ExtensibilityGlobals) = postSolution
		SolutionGuid = {93C7D755-4EAA-4421-8411-A31C65A354CF}
	EndGlobalSection
EndGlobal
